
Microsoft Visual Studio Solution File, Format Version 12.00
# Blend for Visual Studio Version 17
VisualStudioVersion = 17.7.34031.279
MinimumVisualStudioVersion = 10.0.40219.1
Project("{9A19103F-16F7-4668-BE54-9A1E7A4F7556}") = "TestTask.B1", "TestTask.B1\TestTask.B1.csproj", "{28FBBCF4-7D30-4B71-8C25-22059E95C262}"
EndProject
Global
	GlobalSection(SolutionConfigurationPlatforms) = preSolution
		Debug|Any CPU = Debug|Any CPU
		Release|Any CPU = Release|Any CPU
	EndGlobalSection
	GlobalSection(ProjectConfigurationPlatforms) = postSolution
		{28FBBCF4-7D30-4B71-8C25-22059E95C262}.Debug|Any CPU.ActiveCfg = Debug|Any CPU
		{28FBBCF4-7D30-4B71-8C25-22059E95C262}.Debug|Any CPU.Build.0 = Debug|Any CPU
		{28FBBCF4-7D30-4B71-8C25-22059E95C262}.Release|Any CPU.ActiveCfg = Release|Any CPU
		{28FBBCF4-7D30-4B71-8C25-22059E95C262}.Release|Any CPU.Build.0 = Release|Any CPU
	EndGlobalSection
	GlobalSection(SolutionProperties) = preSolution
		HideSolutionNode = FALSE
	EndGlobalSection
	GlobalSection(ExtensibilityGlobals) = postSolution
		SolutionGuid = {B0D47DCF-336B-4195-A2B9-7CB17F4DA885}
	EndGlobalSection
EndGlobal
